# This file is generated by running "yarn install" inside your project.
# Manual changes might be lost - proceed with caution!

__metadata:
  version: 6

"@jujulego/pythagore-wasm@workspace:pythagore-wasm/pkg":
  version: 0.0.0-use.local
  resolution: "@jujulego/pythagore-wasm@workspace:pythagore-wasm/pkg"
  languageName: unknown
  linkType: soft

"pythagore@workspace:.":
  version: 0.0.0-use.local
  resolution: "pythagore@workspace:."
  languageName: unknown
  linkType: soft
